
Microsoft Visual Studio Solution File, Format Version 12.00
# Visual Studio 14
VisualStudioVersion = 14.0.25420.1
MinimumVisualStudioVersion = 10.0.40219.1
Project("{FAE04EC0-301F-11D3-BF4B-00C04F79EFBC}") = "MultisiteConstructionCompany", "MultisiteConstructionCompany\MultisiteConstructionCompany.csproj", "{6FDBA7E9-10B9-41F3-9E7F-5DA14D905009}"
EndProject
Global
	GlobalSection(SolutionConfigurationPlatforms) = preSolution
		Debug|Any CPU = Debug|Any CPU
		Release|Any CPU = Release|Any CPU
	EndGlobalSection
	GlobalSection(ProjectConfigurationPlatforms) = postSolution
		{6FDBA7E9-10B9-41F3-9E7F-5DA14D905009}.Debug|Any CPU.ActiveCfg = Debug|Any CPU
		{6FDBA7E9-10B9-41F3-9E7F-5DA14D905009}.Debug|Any CPU.Build.0 = Debug|Any CPU
		{6FDBA7E9-10B9-41F3-9E7F-5DA14D905009}.Release|Any CPU.ActiveCfg = Release|Any CPU
		{6FDBA7E9-10B9-41F3-9E7F-5DA14D905009}.Release|Any CPU.Build.0 = Release|Any CPU
	EndGlobalSection
	GlobalSection(SolutionProperties) = preSolution
		HideSolutionNode = FALSE
	EndGlobalSection
EndGlobal
